<Project xmlns="http://schemas.microsoft.com/developer/msbuild/2003">
    <PropertyGroup>
        <ProjectGuid>{12345678-1234-1234-1234-123456789ABC}</ProjectGuid>
        <ProjectVersion>18.4</ProjectVersion>
        <FrameworkType>VCL</FrameworkType>
        <MainSource>NotaFiscalAPI.dpr</MainSource>
        <Base>True</Base>
        <Config Condition="'$(Config)'==''">Release</Config>
        <Platform Condition="'$(Platform)'==''">Win32</Platform>
        <TargetedPlatforms>1</TargetedPlatforms>
        <AppType>Console</AppType>
    </PropertyGroup>
    <PropertyGroup Condition="'$(Config)'=='Base' or '$(Base)'!=''">
        <Base>true</Base>
    </PropertyGroup>
    <PropertyGroup Condition="'$(Config)'=='Debug' or '$(Cfg_1)'!=''">
        <Cfg_1>true</Cfg_1>
        <CfgParent>Base</CfgParent>
        <Base>true</Base>
    </PropertyGroup>
    <PropertyGroup Condition="'$(Config)'=='Release' or '$(Cfg_2)'!=''">
        <Cfg_2>true</Cfg_2>
        <CfgParent>Base</CfgParent>
        <Base>true</Base>
    </PropertyGroup>
    <PropertyGroup Condition="'$(Base)'!=''">
        <DCC_DcuOutput>.\$(Platform)\$(Config)</DCC_DcuOutput>
        <DCC_ExeOutput>.\$(Platform)\$(Config)</DCC_ExeOutput>
        <DCC_UsePackage>RESTComponents;IndySystem;IndyProtocols;IndyCore;FireDAC;FireDACSqliteDriver;FireDACCommonDriver;FireDACCommon;DataSnapCommon;DataSnapClient;DataSnapServer;IPIndyImpl;soaprtl;FireDACIBDriver;FireDACMSAccDriver;FireDACMySQLDriver;FireDACPgDriver;FireDACODBCDriver;FireDACMSSQLDriver;soapmidas;vcl;rtl;dbrtl;vcldb;dsnap;dsnapcon;FireDACOracleDriver;FireDACDBXDriver;inet;xmlrtl;vclx;inetdbbde;inetdbxpress;FireDACADSDriver;FireDACMongaDBDriver;FireDACInfxDriver;FireDACASADriver;FireDACDB2Driver;FireDACDSADriver;FireDACInterBaseDriver;FireDACPhxDriver;FireDACSqliteDriver;FireDACCommonDriver;FireDACCommon;DataSnapCommon;DataSnapClient;DataSnapServer;IPIndyImpl;soaprtl;FireDACIBDriver;FireDACMSAccDriver;FireDACMySQLDriver;FireDACPgDriver;FireDACODBCDriver;FireDACMSSQLDriver;soapmidas;vcl;rtl;dbrtl;vcldb;dsnap;dsnapcon;FireDACOracleDriver;FireDACDBXDriver;inet;xmlrtl;vclx;inetdbbde;inetdbxpress;FireDACADSDriver;FireDACMongaDBDriver;FireDACInfxDriver;FireDACASADriver;FireDACDB2Driver;FireDACDSADriver;FireDACInterBaseDriver;FireDACPhxDriver;$(DCC_UsePackage)</DCC_UsePackage>
        <DCC_Namespace>System;Xml;Data;Datasnap;Web;Soap;Vcl;Vcl.Imaging;Vcl.Touch;Vcl.Samples;Vcl.Shell;$(DCC_Namespace)</DCC_Namespace>
        <DCC_DCCCompiler>DCC32</DCC_DCCCompiler>
        <DCC_OutputNeverBuildDcps>true</DCC_OutputNeverBuildDcps>
        <DCC_ImageBase>00400000</DCC_ImageBase>
        <DCC_Platform>Win32</DCC_Platform>
        <DCC_UnitSearchPath>..\Shared;..\Shared\Controllers;..\Shared\Model;..\Shared\ACBr;..\modules\.dcp;..\modules\.dcu;..\modules;..\modules\clientrest\src;..\modules\dataset-serialize\src;..\modules\delphi-jose-jwt\Source\Common;..\modules\delphi-jose-jwt\Source\JOSE;..\modules\delphi-jose-jwt\Source;..\modules\factory-connections\src\FireDAC;..\modules\factory-connections\src\IBExpress;..\modules\factory-connections\src;..\modules\gbswagger\Source\Core;..\modules\gbswagger\Source\Datasnap;..\modules\gbswagger\Source\Horse;..\modules\gbswagger\Source\Validator;..\modules\handle-exception\src;..\modules\hashlib4pascal\HashLib\src\Base;..\modules\hashlib4pascal\HashLib\src\Checksum;..\modules\hashlib4pascal\HashLib\src\Crypto\Blake2BParams;..\modules\hashlib4pascal\HashLib\src\Crypto\Blake2SParams;..\modules\hashlib4pascal\HashLib\src\Crypto;..\modules\hashlib4pascal\HashLib\src\Hash128;..\modules\hashlib4pascal\HashLib\src\Hash32;..\modules\hashlib4pascal\HashLib\src\Hash64;..\modules\hashlib4pascal\HashLib\src\Include;..\modules\hashlib4pascal\HashLib\src\Interfaces;..\modules\hashlib4pascal\HashLib\src\Interfaces\IBlake2BParams;..\modules\hashlib4pascal\HashLib\src\Interfaces\IBlake2SParams;..\modules\hashlib4pascal\HashLib\src\KDF;..\modules\hashlib4pascal\HashLib\src\NullDigest;..\modules\hashlib4pascal\HashLib\src\Nullable;..\modules\hashlib4pascal\HashLib\src\Packages\FPC;..\modules\hashlib4pascal\HashLib\src\Utils;..\modules\hashlib4pascal\HashLib.Benchmark\src\Core;..\modules\hashlib4pascal\HashLib.Benchmark\src\Forms\FMX;..\modules\hashlib4pascal\HashLib.Tests\src;..\modules\horse\src;..\modules\horse-cors\src;..\modules\horse-jwt\src;..\modules\horse-logger\src;..\modules\horse-logger-provider-console\src;..\modules\horse-server-static\src;..\modules\horse-utils-clientip\src;..\modules\jhonson\src;..\modules\portalorm\src\Model;..\modules\portalorm\src\Modulos\FormRTTI\Model;..\modules\portalorm\src\Modulos\FormRTTI;..\modules\portalorm\src\Modulos\Helpers;..\modules\portalorm\src\Modulos\InsereTabela;..\modules\portalorm\src\Modulos\PatternCommand;..\modules\portalorm\src\Utils;..\modules\portalorm\src\views;modules\.dcp;modules\.dcu;modules;modules\clientrest\src;modules\dataset-serialize\src;modules\delphi-jose-jwt\Source\Common;modules\delphi-jose-jwt\Source\JOSE;modules\delphi-jose-jwt\Source;modules\factory-connections\src\FireDAC;modules\factory-connections\src\IBExpress;modules\factory-connections\src;modules\gbswagger\Source\Core;modules\gbswagger\Source\Datasnap;modules\gbswagger\Source\Horse;modules\gbswagger\Source\Validator;modules\handle-exception\src;modules\hashlib4pascal\HashLib\src\Base;modules\hashlib4pascal\HashLib\src\Checksum;modules\hashlib4pascal\HashLib\src\Crypto\Blake2BParams;modules\hashlib4pascal\HashLib\src\Crypto\Blake2SParams;modules\hashlib4pascal\HashLib\src\Crypto;modules\hashlib4pascal\HashLib\src\Hash128;modules\hashlib4pascal\HashLib\src\Hash32;modules\hashlib4pascal\HashLib\src\Hash64;modules\hashlib4pascal\HashLib\src\Include;modules\hashlib4pascal\HashLib\src\Interfaces;modules\hashlib4pascal\HashLib\src\Interfaces\IBlake2BParams;modules\hashlib4pascal\HashLib\src\Interfaces\IBlake2SParams;modules\hashlib4pascal\HashLib\src\KDF;modules\hashlib4pascal\HashLib\src\NullDigest;modules\hashlib4pascal\HashLib\src\Nullable;modules\hashlib4pascal\HashLib\src\Packages\FPC;modules\hashlib4pascal\HashLib\src\Utils;modules\hashlib4pascal\HashLib.Benchmark\src\Core;modules\hashlib4pascal\HashLib.Benchmark\src\Forms\FMX;modules\hashlib4pascal\HashLib.Tests\src;modules\horse\src;modules\horse-cors\src;modules\horse-jwt\src;modules\horse-logger\src;modules\horse-logger-provider-console\src;modules\horse-server-static\src;modules\horse-utils-clientip\src;modules\jhonson\src;modules\portalorm\src\Model;modules\portalorm\src\Modulos\FormRTTI\Model;modules\portalorm\src\Modulos\FormRTTI;modules\portalorm\src\Modulos\Helpers;modules\portalorm\src\Modulos\InsereTabela;modules\portalorm\src\Modulos\PatternCommand;modules\portalorm\src\Utils;modules\portalorm\src\views;$(DCC_UnitSearchPath)</DCC_UnitSearchPath>
        <SanitizedProjectName>NotaFiscalAPI</SanitizedProjectName>
    </PropertyGroup>
    <PropertyGroup Condition="'$(Cfg_1)'!=''">
        <DCC_DebugInfoInExe>true</DCC_DebugInfoInExe>
        <DCC_DebugDCUs>true</DCC_DebugDCUs>
        <DCC_Optimize>false</DCC_Optimize>
        <DCC_GenerateStackFrames>true</DCC_GenerateStackFrames>
        <DCC_DebugInfoInTds>true</DCC_DebugInfoInTds>
        <DCC_RemoteDebug>true</DCC_RemoteDebug>
    </PropertyGroup>
    <PropertyGroup Condition="'$(Cfg_2)'!=''">
        <DCC_LocalDebugSymbols>false</DCC_LocalDebugSymbols>
        <DCC_Define>RELEASE;$(DCC_Define)</DCC_Define>
        <DCC_SymbolReferenceInfo>0</DCC_SymbolReferenceInfo>
        <DCC_DebugInformation>0</DCC_DebugInformation>
    </PropertyGroup>
    <ItemGroup>
        <DelphiCompile Include="$(MainSource)">
            <MainSource>MainSource</MainSource>
        </DelphiCompile>
        <DCCReference Include="UnitConstants.pas"/>
        <DCCReference Include="UnitDatabase.pas"/>
        <DCCReference Include="Model\UnitNotaFiscal.Model.pas"/>
        <DCCReference Include="ACBr\UnitACBrNFe.pas"/>
        <DCCReference Include="Controllers\NFCe.Controller.pas"/>
        <DCCReference Include="Controllers\NFe.Controller.pas"/>
        <BuildConfiguration Include="Release">
            <Key>Cfg_2</Key>
            <CfgParent>Base</CfgParent>
        </BuildConfiguration>
        <BuildConfiguration Include="Base">
            <Key>Base</Key>
        </BuildConfiguration>
        <BuildConfiguration Include="Debug">
            <Key>Cfg_1</Key>
            <CfgParent>Base</CfgParent>
        </BuildConfiguration>
    </ItemGroup>
    <ProjectExtensions>
        <Borland.Personality>Delphi.Personality.12</Borland.Personality>
        <Borland.ProjectType>Application</Borland.ProjectType>
        <BorlandProject>
            <Delphi.Personality>
                <Source>
                    <Source Name="MainSource">NotaFiscalAPI.dpr</Source>
                </Source>
                <Excluded_Packages>
                    <Excluded_Packages Name="$(BDSBIN)\dcloffice2k260.bpl">Microsoft Office 2000 Sample Automation Server Wrapper Components</Excluded_Packages>
                    <Excluded_Packages Name="$(BDSBIN)\dclofficexp260.bpl">Microsoft Office XP Sample Automation Server Wrapper Components</Excluded_Packages>
                </Excluded_Packages>
            </Delphi.Personality>
            <Deployment Version="3"/>
            <Platforms>
                <Platform value="Win32">True</Platform>
            </Platforms>
        </BorlandProject>
        <ProjectFileVersion>12</ProjectFileVersion>
    </ProjectExtensions>
    <Import Project="$(MSBuildProjectName).deployproj" Condition="Exists('$(MSBuildProjectName).deployproj')"/>
    <Import Project="$(BDS)\Bin\CodeGear.Delphi.Targets" Condition="Exists('$(BDS)\Bin\CodeGear.Delphi.Targets')"/>
    <Import Project="$(APPDATA)\Embarcadero\$(BDSAPPDATABASEDIR)\$(PRODUCTVERSION)\UserTools.proj" Condition="Exists('$(APPDATA)\Embarcadero\$(BDSAPPDATABASEDIR)\$(PRODUCTVERSION)\UserTools.proj')"/>
</Project>
